
Microsoft Visual Studio Solution File, Format Version 12.00
# Visual Studio Version 17
VisualStudioVersion = 17.5.002.0
MinimumVisualStudioVersion = 10.0.40219.1
Project("{9A19103F-16F7-4668-BE54-9A1E7A4F7556}") = "baithi", "baithi.csproj", "{D0CDE6D0-1519-4800-B8D5-D0070C1D544D}"
EndProject
Global
	GlobalSection(SolutionConfigurationPlatforms) = preSolution
		Debug|Any CPU = Debug|Any CPU
		Release|Any CPU = Release|Any CPU
	EndGlobalSection
	GlobalSection(ProjectConfigurationPlatforms) = postSolution
		{D0CDE6D0-1519-4800-B8D5-D0070C1D544D}.Debug|Any CPU.ActiveCfg = Debug|Any CPU
		{D0CDE6D0-1519-4800-B8D5-D0070C1D544D}.Debug|Any CPU.Build.0 = Debug|Any CPU
		{D0CDE6D0-1519-4800-B8D5-D0070C1D544D}.Release|Any CPU.ActiveCfg = Release|Any CPU
		{D0CDE6D0-1519-4800-B8D5-D0070C1D544D}.Release|Any CPU.Build.0 = Release|Any CPU
	EndGlobalSection
	GlobalSection(SolutionProperties) = preSolution
		HideSolutionNode = FALSE
	EndGlobalSection
	GlobalSection(ExtensibilityGlobals) = postSolution
		SolutionGuid = {B7C53CF2-9D48-41E9-BC8F-5A51F11D5B1D}
	EndGlobalSection
EndGlobal
